# THIS IS AN AUTOGENERATED FILE. DO NOT EDIT THIS FILE DIRECTLY.
# yarn lockfile v1


"@napi-rs/triples@^1.0.2":
  version "1.0.2"
  resolved "https://registry.yarnpkg.com/@napi-rs/triples/-/triples-1.0.2.tgz#2ce4c6a78568358772008f564ee5009093d20a19"
  integrity sha512-EL3SiX43m9poFSnhDx4d4fn9SSaqyO2rHsCNhETi9bWPmjXK3uPJ0QpPFtx39FEdHcz1vJmsiW41kqc0AgvtzQ==

"@node-rs/helper@^1.0.0":
  version "1.1.0"
  resolved "https://registry.yarnpkg.com/@node-rs/helper/-/helper-1.1.0.tgz#4fcbbebae3b81932d1ff3e431c7cd3886b504742"
  integrity sha512-r43YnnrY5JNzDuXJdW3sBJrKzvejvFmFWbiItUEoBJsaPzOIWFMhXB7i5j4c9EMXcFfxveF4l7hT+rLmwtjrVQ==
  dependencies:
    "@napi-rs/triples" "^1.0.2"
    tslib "^2.1.0"

"@swc/core-android-arm64@^1.2.52":
  version "1.2.52"
  resolved "https://registry.yarnpkg.com/@swc/core-android-arm64/-/core-android-arm64-1.2.52.tgz#340c9f47527ffb8cb3bcfe1156027ba1d26a2a19"
  integrity sha512-RrUB8ogycH9EhS3eVx1gSQTnYdgW2hICzgV2YSPDBg8lzzwtTwLkHJCgsd5ARfhu2T1/QgeDr0j2JC+TAJoOOQ==

"@swc/core-darwin-arm64@^1.2.52":
  version "1.2.52"
  resolved "https://registry.yarnpkg.com/@swc/core-darwin-arm64/-/core-darwin-arm64-1.2.52.tgz#74cc3074052fdae279a62c2ddbc97813bed28305"
  integrity sha512-W/G745elJTybHFq4QhAMAcOpdMYIEvhVsCKas0H3a/bzcg427uAbnitGrwJZkb6KrYx48U8VwQQhhVN/x2Qrnw==

"@swc/core-darwin-x64@^1.2.52":
  version "1.2.52"
  resolved "https://registry.yarnpkg.com/@swc/core-darwin-x64/-/core-darwin-x64-1.2.52.tgz#b520dddb9d25c74023342de712d40cd9effb80ca"
  integrity sha512-G+FAjedLQ0ZZTHItiib/hRNgo0+7muXQu0xQYdRyCkchYweDTc8D7EIeCnYvJH222x2lhKxDlcudaphX0WtAIg==

"@swc/core-linux-arm-gnueabihf@^1.2.52":
  version "1.2.52"
  resolved "https://registry.yarnpkg.com/@swc/core-linux-arm-gnueabihf/-/core-linux-arm-gnueabihf-1.2.52.tgz#4da1acfed095210951d6db9e10a7d0f2f0ee6689"
  integrity sha512-f8884gTC1DgAr9hL5HpqGCi40XMIs/CkF4hoBfD+BSL67m4J/ufYC1no6jEqKv5Xr6B0QPh9PLvyHsgkkWxmvw==

"@swc/core-linux-arm64-gnu@^1.2.52":
  version "1.2.52"
  resolved "https://registry.yarnpkg.com/@swc/core-linux-arm64-gnu/-/core-linux-arm64-gnu-1.2.52.tgz#3fb77bf75c3de26632106df3bfdbc4a230a344f0"
  integrity sha512-n5xipWoWXfpx9yxSVqTO9Hb1Q4yUK4duz62wPqWjGoB4tqoeOAJILZOwAcZ7jia0iy/fC9Uwqdoi5GAzzf2VXw==

"@swc/core-linux-x64-gnu@^1.2.52":
  version "1.2.52"
  resolved "https://registry.yarnpkg.com/@swc/core-linux-x64-gnu/-/core-linux-x64-gnu-1.2.52.tgz#9179d06357d16e1ab6cfcc1cefb97c713be9ab6d"
  integrity sha512-0eAD8rvLG88D+Hxn5QDGeaFObIPcdPWCgLaWBNFOeX3ERUMQ+wsTGfkY0W+4Msi5oCpdnyJ8+VAES69RF20c8A==

"@swc/core-linux-x64-musl@^1.2.52":
  version "1.2.52"
  resolved "https://registry.yarnpkg.com/@swc/core-linux-x64-musl/-/core-linux-x64-musl-1.2.52.tgz#dfef1c54132958d000be0a833822fe5e451f8401"
  integrity sha512-LegMN8yDaq0y4lcXSIEgLuSEk/XNvfQSzYED5IhU+QDj021UeLZY/qcUd7dDcw8OFTa7wkT3iyOghOEyW/PYNg==

"@swc/core-win32-ia32-msvc@^1.2.52":
  version "1.2.52"
  resolved "https://registry.yarnpkg.com/@swc/core-win32-ia32-msvc/-/core-win32-ia32-msvc-1.2.52.tgz#0750d5551eaeb219f8975ee5741b851738512deb"
  integrity sha512-c8Eeunxgo3/y2JkAlILyLiTXEQzNA/EmZXsIydSisrYKn9HvnsOx8yJv2dOBJJQxZSrYzbii7mGwWBCiAYuzTw==

"@swc/core-win32-x64-msvc@^1.2.52":
  version "1.2.52"
  resolved "https://registry.yarnpkg.com/@swc/core-win32-x64-msvc/-/core-win32-x64-msvc-1.2.52.tgz#f80eb72023bb3a21b82f2d02bdcd22174fd6afe1"
  integrity sha512-EWD9fAUrjYP1SXA+IdlWAk/RVL4coESUsYUWZRoNg9e1yCu0XrxaUH2q9IxrP+k92oMaL73jMymbFtzVxuxzJg==

"@swc/core@^1.2.52":
  version "1.2.52"
  resolved "https://registry.yarnpkg.com/@swc/core/-/core-1.2.52.tgz#ee901646848a846a72cfb11507e39d4f53f27732"
  integrity sha512-ajpgj426yARX07ElLEi10MNq4JrXBMm8zJMqDaZILcM/skjIiRlXfx9Wzt26soi1ETQ4DNqinjoIUqM+10VOFg==
  dependencies:
    "@node-rs/helper" "^1.0.0"
  optionalDependencies:
    "@swc/core-android-arm64" "^1.2.52"
    "@swc/core-darwin-arm64" "^1.2.52"
    "@swc/core-darwin-x64" "^1.2.52"
    "@swc/core-linux-arm-gnueabihf" "^1.2.52"
    "@swc/core-linux-arm64-gnu" "^1.2.52"
    "@swc/core-linux-x64-gnu" "^1.2.52"
    "@swc/core-linux-x64-musl" "^1.2.52"
    "@swc/core-win32-ia32-msvc" "^1.2.52"
    "@swc/core-win32-x64-msvc" "^1.2.52"

tslib@^2.1.0:
  version "2.1.0"
  resolved "https://registry.yarnpkg.com/tslib/-/tslib-2.1.0.tgz#da60860f1c2ecaa5703ab7d39bc05b6bf988b97a"
  integrity sha512-hcVC3wYEziELGGmEEXue7D75zbwIIVUMWAVbHItGPx0ziyXxrOMQx4rQEVEV45Ut/1IotuEvwqPopzIOkDMf0A==

typescript@^4.2.3:
  version "4.2.3"
  resolved "https://registry.yarnpkg.com/typescript/-/typescript-4.2.3.tgz#39062d8019912d43726298f09493d598048c1ce3"
  integrity sha512-qOcYwxaByStAWrBf4x0fibwZvMRG+r4cQoTjbPtUlrWjBHbmCAww1i448U0GJ+3cNNEtebDteo/cHOR3xJ4wEw==
